
Microsoft Visual Studio Solution File, Format Version 12.00
# Visual Studio Version 17
VisualStudioVersion = 17.11.35327.3
MinimumVisualStudioVersion = 10.0.40219.1
Project("{FAE04EC0-301F-11D3-BF4B-00C04F79EFBC}") = "otelvtys", "otelvtys\otelvtys.csproj", "{4EBEAD43-F6CC-4062-8EBA-5EAF7D7CF314}"
EndProject
Global
	GlobalSection(SolutionConfigurationPlatforms) = preSolution
		Debug|Any CPU = Debug|Any CPU
		Release|Any CPU = Release|Any CPU
	EndGlobalSection
	GlobalSection(ProjectConfigurationPlatforms) = postSolution
		{4EBEAD43-F6CC-4062-8EBA-5EAF7D7CF314}.Debug|Any CPU.ActiveCfg = Debug|Any CPU
		{4EBEAD43-F6CC-4062-8EBA-5EAF7D7CF314}.Debug|Any CPU.Build.0 = Debug|Any CPU
		{4EBEAD43-F6CC-4062-8EBA-5EAF7D7CF314}.Release|Any CPU.ActiveCfg = Release|Any CPU
		{4EBEAD43-F6CC-4062-8EBA-5EAF7D7CF314}.Release|Any CPU.Build.0 = Release|Any CPU
	EndGlobalSection
	GlobalSection(SolutionProperties) = preSolution
		HideSolutionNode = FALSE
	EndGlobalSection
	GlobalSection(ExtensibilityGlobals) = postSolution
		SolutionGuid = {27AF08B2-19BE-40D2-9B8F-8F7A6252B65C}
	EndGlobalSection
EndGlobal
